
Microsoft Visual Studio Solution File, Format Version 12.00
# Visual Studio Version 17
VisualStudioVersion = 17.5.33530.505
MinimumVisualStudioVersion = 10.0.40219.1
Project("{FAE04EC0-301F-11D3-BF4B-00C04F79EFBC}") = "MathQuiz", "Daniel Muzo Math Quiz\MathQuiz.csproj", "{C376832B-D8B8-4C0E-90CB-A5EA456B36FA}"
EndProject
Global
	GlobalSection(SolutionConfigurationPlatforms) = preSolution
		Debug|Any CPU = Debug|Any CPU
		Release|Any CPU = Release|Any CPU
	EndGlobalSection
	GlobalSection(ProjectConfigurationPlatforms) = postSolution
		{C376832B-D8B8-4C0E-90CB-A5EA456B36FA}.Debug|Any CPU.ActiveCfg = Debug|Any CPU
		{C376832B-D8B8-4C0E-90CB-A5EA456B36FA}.Debug|Any CPU.Build.0 = Debug|Any CPU
		{C376832B-D8B8-4C0E-90CB-A5EA456B36FA}.Release|Any CPU.ActiveCfg = Release|Any CPU
		{C376832B-D8B8-4C0E-90CB-A5EA456B36FA}.Release|Any CPU.Build.0 = Release|Any CPU
	EndGlobalSection
	GlobalSection(SolutionProperties) = preSolution
		HideSolutionNode = FALSE
	EndGlobalSection
	GlobalSection(ExtensibilityGlobals) = postSolution
		SolutionGuid = {BBA33585-DB31-4677-8B11-F77A80399BA7}
	EndGlobalSection
EndGlobal
